// !$*UTF8*$!
{
	archiveVersion = 1;
	classes = {
	};
	objectVersion = 46;
	objects = {

/* Begin PBXBuildFile section */
		3F2492D11FCF559D006AD00A /* CicloTableViewCell.swift in Sources */ = {isa = PBXBuildFile; fileRef = 3F2492D01FCF559D006AD00A /* CicloTableViewCell.swift */; };
		3F2492D31FCF5639006AD00A /* CiclosDAO.swift in Sources */ = {isa = PBXBuildFile; fileRef = 3F2492D21FCF5639006AD00A /* CiclosDAO.swift */; };
		3F2492D51FCF5644006AD00A /* Ciclos.swift in Sources */ = {isa = PBXBuildFile; fileRef = 3F2492D41FCF5644006AD00A /* Ciclos.swift */; };
		3F2492D71FCF5E5F006AD00A /* CicloTableViewController.swift in Sources */ = {isa = PBXBuildFile; fileRef = 3F2492D61FCF5E5F006AD00A /* CicloTableViewController.swift */; };
		3F2492DA1FCF6555006AD00A /* DisciplinasDAO.swift in Sources */ = {isa = PBXBuildFile; fileRef = 3F2492D91FCF6555006AD00A /* DisciplinasDAO.swift */; };
		3F2492DC1FCF664F006AD00A /* Disciplinas.swift in Sources */ = {isa = PBXBuildFile; fileRef = 3F2492DB1FCF664F006AD00A /* Disciplinas.swift */; };
		3F2492DE1FCF6691006AD00A /* DisciplinasTableViewController.swift in Sources */ = {isa = PBXBuildFile; fileRef = 3F2492DD1FCF6691006AD00A /* DisciplinasTableViewController.swift */; };
		3F2492E01FCF67E4006AD00A /* DisciplinasTableViewCell.swift in Sources */ = {isa = PBXBuildFile; fileRef = 3F2492DF1FCF67E4006AD00A /* DisciplinasTableViewCell.swift */; };
		3F46107A1FD09EA600CF95A8 /* AulaViewController.swift in Sources */ = {isa = PBXBuildFile; fileRef = 3F4610791FD09EA600CF95A8 /* AulaViewController.swift */; };
		3F46107C1FD0AF8000CF95A8 /* PerfilViewController.swift in Sources */ = {isa = PBXBuildFile; fileRef = 3F46107B1FD0AF8000CF95A8 /* PerfilViewController.swift */; };
		3F46107E1FD0BED800CF95A8 /* EsqueciSenha.swift in Sources */ = {isa = PBXBuildFile; fileRef = 3F46107D1FD0BED800CF95A8 /* EsqueciSenha.swift */; };
		3FBA9FB41FCCCBFE00B9AADB /* CadastroViewController.swift in Sources */ = {isa = PBXBuildFile; fileRef = 3FBA9FB31FCCCBFE00B9AADB /* CadastroViewController.swift */; };
		3FC35CFD1FC8CDDC004A25F9 /* AppDelegate.swift in Sources */ = {isa = PBXBuildFile; fileRef = 3FC35CFC1FC8CDDC004A25F9 /* AppDelegate.swift */; };
		3FC35CFF1FC8CDDC004A25F9 /* ViewController.swift in Sources */ = {isa = PBXBuildFile; fileRef = 3FC35CFE1FC8CDDC004A25F9 /* ViewController.swift */; };
		3FC35D021FC8CDDC004A25F9 /* Main.storyboard in Resources */ = {isa = PBXBuildFile; fileRef = 3FC35D001FC8CDDC004A25F9 /* Main.storyboard */; };
		3FC35D041FC8CDDC004A25F9 /* Assets.xcassets in Resources */ = {isa = PBXBuildFile; fileRef = 3FC35D031FC8CDDC004A25F9 /* Assets.xcassets */; };
		3FC35D071FC8CDDC004A25F9 /* LaunchScreen.storyboard in Resources */ = {isa = PBXBuildFile; fileRef = 3FC35D051FC8CDDC004A25F9 /* LaunchScreen.storyboard */; };
		3FD60C171FCF7B31008070F5 /* AulasDAO.swift in Sources */ = {isa = PBXBuildFile; fileRef = 3FD60C161FCF7B31008070F5 /* AulasDAO.swift */; };
		3FD60C191FCF7B3F008070F5 /* Aulas.swift in Sources */ = {isa = PBXBuildFile; fileRef = 3FD60C181FCF7B3F008070F5 /* Aulas.swift */; };
		3FD60C1B1FCF7C0C008070F5 /* AulasTableViewCell.swift in Sources */ = {isa = PBXBuildFile; fileRef = 3FD60C1A1FCF7C0C008070F5 /* AulasTableViewCell.swift */; };
		3FD60C1F1FCF7C47008070F5 /* AulasTableViewController.swift in Sources */ = {isa = PBXBuildFile; fileRef = 3FD60C1E1FCF7C47008070F5 /* AulasTableViewController.swift */; };
		3FD60C211FCF7EEE008070F5 /* DesenvolvimentoViewController.swift in Sources */ = {isa = PBXBuildFile; fileRef = 3FD60C201FCF7EEE008070F5 /* DesenvolvimentoViewController.swift */; };
		3FDB19791FCE008300C765AA /* DesignableView.swift in Sources */ = {isa = PBXBuildFile; fileRef = 3FDB19781FCE008300C765AA /* DesignableView.swift */; };
		3FDB19811FCE1A8100C765AA /* Facool.xcdatamodeld in Sources */ = {isa = PBXBuildFile; fileRef = 3FDB197F1FCE1A8100C765AA /* Facool.xcdatamodeld */; };
/* End PBXBuildFile section */

/* Begin PBXFileReference section */
		3F2492D01FCF559D006AD00A /* CicloTableViewCell.swift */ = {isa = PBXFileReference; fileEncoding = 4; lastKnownFileType = sourcecode.swift; path = CicloTableViewCell.swift; sourceTree = "<group>"; };
		3F2492D21FCF5639006AD00A /* CiclosDAO.swift */ = {isa = PBXFileReference; fileEncoding = 4; lastKnownFileType = sourcecode.swift; path = CiclosDAO.swift; sourceTree = "<group>"; };
		3F2492D41FCF5644006AD00A /* Ciclos.swift */ = {isa = PBXFileReference; fileEncoding = 4; lastKnownFileType = sourcecode.swift; path = Ciclos.swift; sourceTree = "<group>"; };
		3F2492D61FCF5E5F006AD00A /* CicloTableViewController.swift */ = {isa = PBXFileReference; fileEncoding = 4; lastKnownFileType = sourcecode.swift; path = CicloTableViewController.swift; sourceTree = "<group>"; };
		3F2492D91FCF6555006AD00A /* DisciplinasDAO.swift */ = {isa = PBXFileReference; fileEncoding = 4; lastKnownFileType = sourcecode.swift; path = DisciplinasDAO.swift; sourceTree = "<group>"; };
		3F2492DB1FCF664F006AD00A /* Disciplinas.swift */ = {isa = PBXFileReference; fileEncoding = 4; lastKnownFileType = sourcecode.swift; path = Disciplinas.swift; sourceTree = "<group>"; };
		3F2492DD1FCF6691006AD00A /* DisciplinasTableViewController.swift */ = {isa = PBXFileReference; fileEncoding = 4; lastKnownFileType = sourcecode.swift; path = DisciplinasTableViewController.swift; sourceTree = "<group>"; };
		3F2492DF1FCF67E4006AD00A /* DisciplinasTableViewCell.swift */ = {isa = PBXFileReference; fileEncoding = 4; lastKnownFileType = sourcecode.swift; path = DisciplinasTableViewCell.swift; sourceTree = "<group>"; };
		3F4610791FD09EA600CF95A8 /* AulaViewController.swift */ = {isa = PBXFileReference; fileEncoding = 4; lastKnownFileType = sourcecode.swift; path = AulaViewController.swift; sourceTree = "<group>"; };
		3F46107B1FD0AF8000CF95A8 /* PerfilViewController.swift */ = {isa = PBXFileReference; fileEncoding = 4; lastKnownFileType = sourcecode.swift; path = PerfilViewController.swift; sourceTree = "<group>"; };
		3F46107D1FD0BED800CF95A8 /* EsqueciSenha.swift */ = {isa = PBXFileReference; fileEncoding = 4; lastKnownFileType = sourcecode.swift; path = EsqueciSenha.swift; sourceTree = "<group>"; };
		3FBA9FB31FCCCBFE00B9AADB /* CadastroViewController.swift */ = {isa = PBXFileReference; fileEncoding = 4; lastKnownFileType = sourcecode.swift; path = CadastroViewController.swift; sourceTree = "<group>"; };
		3FC35CF91FC8CDDC004A25F9 /* Facool.app */ = {isa = PBXFileReference; explicitFileType = wrapper.application; includeInIndex = 0; path = Facool.app; sourceTree = BUILT_PRODUCTS_DIR; };
		3FC35CFC1FC8CDDC004A25F9 /* AppDelegate.swift */ = {isa = PBXFileReference; lastKnownFileType = sourcecode.swift; path = AppDelegate.swift; sourceTree = "<group>"; };
		3FC35CFE1FC8CDDC004A25F9 /* ViewController.swift */ = {isa = PBXFileReference; lastKnownFileType = sourcecode.swift; path = ViewController.swift; sourceTree = "<group>"; };
		3FC35D011FC8CDDC004A25F9 /* Base */ = {isa = PBXFileReference; lastKnownFileType = file.storyboard; name = Base; path = Base.lproj/Main.storyboard; sourceTree = "<group>"; };
		3FC35D031FC8CDDC004A25F9 /* Assets.xcassets */ = {isa = PBXFileReference; lastKnownFileType = folder.assetcatalog; path = Assets.xcassets; sourceTree = "<group>"; };
		3FC35D061FC8CDDC004A25F9 /* Base */ = {isa = PBXFileReference; lastKnownFileType = file.storyboard; name = Base; path = Base.lproj/LaunchScreen.storyboard; sourceTree = "<group>"; };
		3FC35D081FC8CDDC004A25F9 /* Info.plist */ = {isa = PBXFileReference; lastKnownFileType = text.plist.xml; path = Info.plist; sourceTree = "<group>"; };
		3FD60C161FCF7B31008070F5 /* AulasDAO.swift */ = {isa = PBXFileReference; fileEncoding = 4; lastKnownFileType = sourcecode.swift; path = AulasDAO.swift; sourceTree = "<group>"; };
		3FD60C181FCF7B3F008070F5 /* Aulas.swift */ = {isa = PBXFileReference; fileEncoding = 4; lastKnownFileType = sourcecode.swift; path = Aulas.swift; sourceTree = "<group>"; };
		3FD60C1A1FCF7C0C008070F5 /* AulasTableViewCell.swift */ = {isa = PBXFileReference; fileEncoding = 4; lastKnownFileType = sourcecode.swift; path = AulasTableViewCell.swift; sourceTree = "<group>"; };
		3FD60C1E1FCF7C47008070F5 /* AulasTableViewController.swift */ = {isa = PBXFileReference; fileEncoding = 4; lastKnownFileType = sourcecode.swift; path = AulasTableViewController.swift; sourceTree = "<group>"; };
		3FD60C201FCF7EEE008070F5 /* DesenvolvimentoViewController.swift */ = {isa = PBXFileReference; fileEncoding = 4; lastKnownFileType = sourcecode.swift; path = DesenvolvimentoViewController.swift; sourceTree = "<group>"; };
		3FDB19781FCE008300C765AA /* DesignableView.swift */ = {isa = PBXFileReference; fileEncoding = 4; lastKnownFileType = sourcecode.swift; path = DesignableView.swift; sourceTree = "<group>"; };
		3FDB19801FCE1A8100C765AA /* Db.xcdatamodel */ = {isa = PBXFileReference; lastKnownFileType = wrapper.xcdatamodel; path = Db.xcdatamodel; sourceTree = "<group>"; };
/* End PBXFileReference section */

/* Begin PBXFrameworksBuildPhase section */
		3FC35CF61FC8CDDC004A25F9 /* Frameworks */ = {
			isa = PBXFrameworksBuildPhase;
			buildActionMask = 2147483647;
			files = (
			);
			runOnlyForDeploymentPostprocessing = 0;
		};
/* End PBXFrameworksBuildPhase section */

/* Begin PBXGroup section */
		3F2492D81FCF653E006AD00A /* DAO */ = {
			isa = PBXGroup;
			children = (
				3F2492D21FCF5639006AD00A /* CiclosDAO.swift */,
				3F2492D91FCF6555006AD00A /* DisciplinasDAO.swift */,
				3FD60C161FCF7B31008070F5 /* AulasDAO.swift */,
			);
			name = DAO;
			sourceTree = "<group>";
		};
		3FC35CF01FC8CDDC004A25F9 = {
			isa = PBXGroup;
			children = (
				3FC35CFB1FC8CDDC004A25F9 /* Facool */,
				3FC35CFA1FC8CDDC004A25F9 /* Products */,
			);
			sourceTree = "<group>";
		};
		3FC35CFA1FC8CDDC004A25F9 /* Products */ = {
			isa = PBXGroup;
			children = (
				3FC35CF91FC8CDDC004A25F9 /* Facool.app */,
			);
			name = Products;
			sourceTree = "<group>";
		};
		3FC35CFB1FC8CDDC004A25F9 /* Facool */ = {
			isa = PBXGroup;
			children = (
				3FC35D111FC8DBB5004A25F9 /* Model */,
				3FC35D101FC8DBAA004A25F9 /* Controller */,
				3FC35D0F1FC8DB98004A25F9 /* Support */,
				3FC35D0E1FC8DB75004A25F9 /* View */,
			);
			path = Facool;
			sourceTree = "<group>";
		};
		3FC35D0E1FC8DB75004A25F9 /* View */ = {
			isa = PBXGroup;
			children = (
				3FC35D001FC8CDDC004A25F9 /* Main.storyboard */,
				3FC35D051FC8CDDC004A25F9 /* LaunchScreen.storyboard */,
			);
			name = View;
			sourceTree = "<group>";
		};
		3FC35D0F1FC8DB98004A25F9 /* Support */ = {
			isa = PBXGroup;
			children = (
				3FC35D031FC8CDDC004A25F9 /* Assets.xcassets */,
				3FC35D081FC8CDDC004A25F9 /* Info.plist */,
				3FC35CFC1FC8CDDC004A25F9 /* AppDelegate.swift */,
			);
			name = Support;
			sourceTree = "<group>";
		};
		3FC35D101FC8DBAA004A25F9 /* Controller */ = {
			isa = PBXGroup;
			children = (
				3FC35CFE1FC8CDDC004A25F9 /* ViewController.swift */,
				3FDB19781FCE008300C765AA /* DesignableView.swift */,
				3FBA9FB31FCCCBFE00B9AADB /* CadastroViewController.swift */,
				3F2492D61FCF5E5F006AD00A /* CicloTableViewController.swift */,
				3F2492D01FCF559D006AD00A /* CicloTableViewCell.swift */,
				3F2492DD1FCF6691006AD00A /* DisciplinasTableViewController.swift */,
				3F2492DF1FCF67E4006AD00A /* DisciplinasTableViewCell.swift */,
				3FD60C1A1FCF7C0C008070F5 /* AulasTableViewCell.swift */,
				3FD60C1E1FCF7C47008070F5 /* AulasTableViewController.swift */,
				3F4610791FD09EA600CF95A8 /* AulaViewController.swift */,
				3FD60C201FCF7EEE008070F5 /* DesenvolvimentoViewController.swift */,
				3F46107B1FD0AF8000CF95A8 /* PerfilViewController.swift */,
				3F46107D1FD0BED800CF95A8 /* EsqueciSenha.swift */,
			);
			name = Controller;
			sourceTree = "<group>";
		};
		3FC35D111FC8DBB5004A25F9 /* Model */ = {
			isa = PBXGroup;
			children = (
				3F2492D81FCF653E006AD00A /* DAO */,
				3FDB197F1FCE1A8100C765AA /* Facool.xcdatamodeld */,
				3F2492D41FCF5644006AD00A /* Ciclos.swift */,
				3F2492DB1FCF664F006AD00A /* Disciplinas.swift */,
				3FD60C181FCF7B3F008070F5 /* Aulas.swift */,
			);
			name = Model;
			sourceTree = "<group>";
		};
/* End PBXGroup section */

/* Begin PBXNativeTarget section */
		3FC35CF81FC8CDDC004A25F9 /* Facool */ = {
			isa = PBXNativeTarget;
			buildConfigurationList = 3FC35D0B1FC8CDDC004A25F9 /* Build configuration list for PBXNativeTarget "Facool" */;
			buildPhases = (
				3FC35CF51FC8CDDC004A25F9 /* Sources */,
				3FC35CF61FC8CDDC004A25F9 /* Frameworks */,
				3FC35CF71FC8CDDC004A25F9 /* Resources */,
			);
			buildRules = (
			);
			dependencies = (
			);
			name = Facool;
			productName = Facool;
			productReference = 3FC35CF91FC8CDDC004A25F9 /* Facool.app */;
			productType = "com.apple.product-type.application";
		};
/* End PBXNativeTarget section */

/* Begin PBXProject section */
		3FC35CF11FC8CDDC004A25F9 /* Project object */ = {
			isa = PBXProject;
			attributes = {
				LastSwiftUpdateCheck = 0830;
				LastUpgradeCheck = 0830;
				ORGANIZATIONNAME = "Alexandre do Vale, Felipe Arakaki, Luís Gustavo";
				TargetAttributes = {
					3FC35CF81FC8CDDC004A25F9 = {
						CreatedOnToolsVersion = 8.3.3;
						ProvisioningStyle = Automatic;
					};
				};
			};
			buildConfigurationList = 3FC35CF41FC8CDDC004A25F9 /* Build configuration list for PBXProject "Facool" */;
			compatibilityVersion = "Xcode 3.2";
			developmentRegion = English;
			hasScannedForEncodings = 0;
			knownRegions = (
				en,
				Base,
			);
			mainGroup = 3FC35CF01FC8CDDC004A25F9;
			productRefGroup = 3FC35CFA1FC8CDDC004A25F9 /* Products */;
			projectDirPath = "";
			projectRoot = "";
			targets = (
				3FC35CF81FC8CDDC004A25F9 /* Facool */,
			);
		};
/* End PBXProject section */

/* Begin PBXResourcesBuildPhase section */
		3FC35CF71FC8CDDC004A25F9 /* Resources */ = {
			isa = PBXResourcesBuildPhase;
			buildActionMask = 2147483647;
			files = (
				3FC35D071FC8CDDC004A25F9 /* LaunchScreen.storyboard in Resources */,
				3FC35D041FC8CDDC004A25F9 /* Assets.xcassets in Resources */,
				3FC35D021FC8CDDC004A25F9 /* Main.storyboard in Resources */,
			);
			runOnlyForDeploymentPostprocessing = 0;
		};
/* End PBXResourcesBuildPhase section */

/* Begin PBXSourcesBuildPhase section */
		3FC35CF51FC8CDDC004A25F9 /* Sources */ = {
			isa = PBXSourcesBuildPhase;
			buildActionMask = 2147483647;
			files = (
				3F2492D11FCF559D006AD00A /* CicloTableViewCell.swift in Sources */,
				3FD60C211FCF7EEE008070F5 /* DesenvolvimentoViewController.swift in Sources */,
				3F2492E01FCF67E4006AD00A /* DisciplinasTableViewCell.swift in Sources */,
				3F46107E1FD0BED800CF95A8 /* EsqueciSenha.swift in Sources */,
				3F2492DE1FCF6691006AD00A /* DisciplinasTableViewController.swift in Sources */,
				3F46107A1FD09EA600CF95A8 /* AulaViewController.swift in Sources */,
				3FD60C1B1FCF7C0C008070F5 /* AulasTableViewCell.swift in Sources */,
				3FD60C1F1FCF7C47008070F5 /* AulasTableViewController.swift in Sources */,
				3FDB19811FCE1A8100C765AA /* Facool.xcdatamodeld in Sources */,
				3F2492D51FCF5644006AD00A /* Ciclos.swift in Sources */,
				3F2492D71FCF5E5F006AD00A /* CicloTableViewController.swift in Sources */,
				3FD60C171FCF7B31008070F5 /* AulasDAO.swift in Sources */,
				3F46107C1FD0AF8000CF95A8 /* PerfilViewController.swift in Sources */,
				3F2492DA1FCF6555006AD00A /* DisciplinasDAO.swift in Sources */,
				3FC35CFF1FC8CDDC004A25F9 /* ViewController.swift in Sources */,
				3FC35CFD1FC8CDDC004A25F9 /* AppDelegate.swift in Sources */,
				3F2492D31FCF5639006AD00A /* CiclosDAO.swift in Sources */,
				3FD60C191FCF7B3F008070F5 /* Aulas.swift in Sources */,
				3FDB19791FCE008300C765AA /* DesignableView.swift in Sources */,
				3FBA9FB41FCCCBFE00B9AADB /* CadastroViewController.swift in Sources */,
				3F2492DC1FCF664F006AD00A /* Disciplinas.swift in Sources */,
			);
			runOnlyForDeploymentPostprocessing = 0;
		};
/* End PBXSourcesBuildPhase section */

/* Begin PBXVariantGroup section */
		3FC35D001FC8CDDC004A25F9 /* Main.storyboard */ = {
			isa = PBXVariantGroup;
			children = (
				3FC35D011FC8CDDC004A25F9 /* Base */,
			);
			name = Main.storyboard;
			sourceTree = "<group>";
		};
		3FC35D051FC8CDDC004A25F9 /* LaunchScreen.storyboard */ = {
			isa = PBXVariantGroup;
			children = (
				3FC35D061FC8CDDC004A25F9 /* Base */,
			);
			name = LaunchScreen.storyboard;
			sourceTree = "<group>";
		};
/* End PBXVariantGroup section */

/* Begin XCBuildConfiguration section */
		3FC35D091FC8CDDC004A25F9 /* Debug */ = {
			isa = XCBuildConfiguration;
			buildSettings = {
				ALWAYS_SEARCH_USER_PATHS = NO;
				CLANG_ANALYZER_NONNULL = YES;
				CLANG_ANALYZER_NUMBER_OBJECT_CONVERSION = YES_AGGRESSIVE;
				CLANG_CXX_LANGUAGE_STANDARD = "gnu++0x";
				CLANG_CXX_LIBRARY = "libc++";
				CLANG_ENABLE_MODULES = YES;
				CLANG_ENABLE_OBJC_ARC = YES;
				CLANG_WARN_BOOL_CONVERSION = YES;
				CLANG_WARN_CONSTANT_CONVERSION = YES;
				CLANG_WARN_DIRECT_OBJC_ISA_USAGE = YES_ERROR;
				CLANG_WARN_DOCUMENTATION_COMMENTS = YES;
				CLANG_WARN_EMPTY_BODY = YES;
				CLANG_WARN_ENUM_CONVERSION = YES;
				CLANG_WARN_INFINITE_RECURSION = YES;
				CLANG_WARN_INT_CONVERSION = YES;
				CLANG_WARN_OBJC_ROOT_CLASS = YES_ERROR;
				CLANG_WARN_SUSPICIOUS_MOVE = YES;
				CLANG_WARN_UNREACHABLE_CODE = YES;
				CLANG_WARN__DUPLICATE_METHOD_MATCH = YES;
				"CODE_SIGN_IDENTITY[sdk=iphoneos*]" = "iPhone Developer";
				COPY_PHASE_STRIP = NO;
				DEBUG_INFORMATION_FORMAT = dwarf;
				ENABLE_STRICT_OBJC_MSGSEND = YES;
				ENABLE_TESTABILITY = YES;
				GCC_C_LANGUAGE_STANDARD = gnu99;
				GCC_DYNAMIC_NO_PIC = NO;
				GCC_NO_COMMON_BLOCKS = YES;
				GCC_OPTIMIZATION_LEVEL = 0;
				GCC_PREPROCESSOR_DEFINITIONS = (
					"DEBUG=1",
					"$(inherited)",
				);
				GCC_WARN_64_TO_32_BIT_CONVERSION = YES;
				GCC_WARN_ABOUT_RETURN_TYPE = YES_ERROR;
				GCC_WARN_UNDECLARED_SELECTOR = YES;
				GCC_WARN_UNINITIALIZED_AUTOS = YES_AGGRESSIVE;
				GCC_WARN_UNUSED_FUNCTION = YES;
				GCC_WARN_UNUSED_VARIABLE = YES;
				IPHONEOS_DEPLOYMENT_TARGET = 10.3;
				MTL_ENABLE_DEBUG_INFO = YES;
				ONLY_ACTIVE_ARCH = YES;
				SDKROOT = iphoneos;
				SWIFT_ACTIVE_COMPILATION_CONDITIONS = DEBUG;
				SWIFT_OPTIMIZATION_LEVEL = "-Onone";
				TARGETED_DEVICE_FAMILY = "1,2";
			};
			name = Debug;
		};
		3FC35D0A1FC8CDDC004A25F9 /* Release */ = {
			isa = XCBuildConfiguration;
			buildSettings = {
				ALWAYS_SEARCH_USER_PATHS = NO;
				CLANG_ANALYZER_NONNULL = YES;
				CLANG_ANALYZER_NUMBER_OBJECT_CONVERSION = YES_AGGRESSIVE;
				CLANG_CXX_LANGUAGE_STANDARD = "gnu++0x";
				CLANG_CXX_LIBRARY = "libc++";
				CLANG_ENABLE_MODULES = YES;
				CLANG_ENABLE_OBJC_ARC = YES;
				CLANG_WARN_BOOL_CONVERSION = YES;
				CLANG_WARN_CONSTANT_CONVERSION = YES;
				CLANG_WARN_DIRECT_OBJC_ISA_USAGE = YES_ERROR;
				CLANG_WARN_DOCUMENTATION_COMMENTS = YES;
				CLANG_WARN_EMPTY_BODY = YES;
				CLANG_WARN_ENUM_CONVERSION = YES;
				CLANG_WARN_INFINITE_RECURSION = YES;
				CLANG_WARN_INT_CONVERSION = YES;
				CLANG_WARN_OBJC_ROOT_CLASS = YES_ERROR;
				CLANG_WARN_SUSPICIOUS_MOVE = YES;
				CLANG_WARN_UNREACHABLE_CODE = YES;
				CLANG_WARN__DUPLICATE_METHOD_MATCH = YES;
				"CODE_SIGN_IDENTITY[sdk=iphoneos*]" = "iPhone Developer";
				COPY_PHASE_STRIP = NO;
				DEBUG_INFORMATION_FORMAT = "dwarf-with-dsym";
				ENABLE_NS_ASSERTIONS = NO;
				ENABLE_STRICT_OBJC_MSGSEND = YES;
				GCC_C_LANGUAGE_STANDARD = gnu99;
				GCC_NO_COMMON_BLOCKS = YES;
				GCC_WARN_64_TO_32_BIT_CONVERSION = YES;
				GCC_WARN_ABOUT_RETURN_TYPE = YES_ERROR;
				GCC_WARN_UNDECLARED_SELECTOR = YES;
				GCC_WARN_UNINITIALIZED_AUTOS = YES_AGGRESSIVE;
				GCC_WARN_UNUSED_FUNCTION = YES;
				GCC_WARN_UNUSED_VARIABLE = YES;
				IPHONEOS_DEPLOYMENT_TARGET = 10.3;
				MTL_ENABLE_DEBUG_INFO = NO;
				SDKROOT = iphoneos;
				SWIFT_OPTIMIZATION_LEVEL = "-Owholemodule";
				TARGETED_DEVICE_FAMILY = "1,2";
				VALIDATE_PRODUCT = YES;
			};
			name = Release;
		};
		3FC35D0C1FC8CDDC004A25F9 /* Debug */ = {
			isa = XCBuildConfiguration;
			buildSettings = {
				ASSETCATALOG_COMPILER_APPICON_NAME = AppIcon;
				INFOPLIST_FILE = Facool/Info.plist;
				LD_RUNPATH_SEARCH_PATHS = "$(inherited) @executable_path/Frameworks";
				PRODUCT_BUNDLE_IDENTIFIER = Hackatruck.Facool;
				PRODUCT_NAME = "$(TARGET_NAME)";
				SWIFT_VERSION = 3.0;
			};
			name = Debug;
		};
		3FC35D0D1FC8CDDC004A25F9 /* Release */ = {
			isa = XCBuildConfiguration;
			buildSettings = {
				ASSETCATALOG_COMPILER_APPICON_NAME = AppIcon;
				INFOPLIST_FILE = Facool/Info.plist;
				LD_RUNPATH_SEARCH_PATHS = "$(inherited) @executable_path/Frameworks";
				PRODUCT_BUNDLE_IDENTIFIER = Hackatruck.Facool;
				PRODUCT_NAME = "$(TARGET_NAME)";
				SWIFT_VERSION = 3.0;
			};
			name = Release;
		};
/* End XCBuildConfiguration section */

/* Begin XCConfigurationList section */
		3FC35CF41FC8CDDC004A25F9 /* Build configuration list for PBXProject "Facool" */ = {
			isa = XCConfigurationList;
			buildConfigurations = (
				3FC35D091FC8CDDC004A25F9 /* Debug */,
				3FC35D0A1FC8CDDC004A25F9 /* Release */,
			);
			defaultConfigurationIsVisible = 0;
			defaultConfigurationName = Release;
		};
		3FC35D0B1FC8CDDC004A25F9 /* Build configuration list for PBXNativeTarget "Facool" */ = {
			isa = XCConfigurationList;
			buildConfigurations = (
				3FC35D0C1FC8CDDC004A25F9 /* Debug */,
				3FC35D0D1FC8CDDC004A25F9 /* Release */,
			);
			defaultConfigurationIsVisible = 0;
			defaultConfigurationName = Release;
		};
/* End XCConfigurationList section */

/* Begin XCVersionGroup section */
		3FDB197F1FCE1A8100C765AA /* Facool.xcdatamodeld */ = {
			isa = XCVersionGroup;
			children = (
				3FDB19801FCE1A8100C765AA /* Db.xcdatamodel */,
			);
			currentVersion = 3FDB19801FCE1A8100C765AA /* Db.xcdatamodel */;
			path = Facool.xcdatamodeld;
			sourceTree = "<group>";
			versionGroupType = wrapper.xcdatamodel;
		};
/* End XCVersionGroup section */
	};
	rootObject = 3FC35CF11FC8CDDC004A25F9 /* Project object */;
}
