// !$*UTF8*$!
{
	archiveVersion = 1;
	classes = {
	};
	objectVersion = 46;
	objects = {

/* Begin PBXBuildFile section */
		3FB7A4931FB2514100EB2903 /* AppDelegate.swift in Sources */ = {isa = PBXBuildFile; fileRef = 3FB7A4921FB2514100EB2903 /* AppDelegate.swift */; };
		3FB7A4951FB2514100EB2903 /* ViewController.swift in Sources */ = {isa = PBXBuildFile; fileRef = 3FB7A4941FB2514100EB2903 /* ViewController.swift */; };
		3FB7A4981FB2514100EB2903 /* Main.storyboard in Resources */ = {isa = PBXBuildFile; fileRef = 3FB7A4961FB2514100EB2903 /* Main.storyboard */; };
		3FB7A49A1FB2514100EB2903 /* Assets.xcassets in Resources */ = {isa = PBXBuildFile; fileRef = 3FB7A4991FB2514100EB2903 /* Assets.xcassets */; };
		3FB7A49D1FB2514100EB2903 /* LaunchScreen.storyboard in Resources */ = {isa = PBXBuildFile; fileRef = 3FB7A49B1FB2514100EB2903 /* LaunchScreen.storyboard */; };
		3FB7A4A91FB256B000EB2903 /* Cidade.swift in Sources */ = {isa = PBXBuildFile; fileRef = 3FB7A4A81FB256B000EB2903 /* Cidade.swift */; };
		3FB7A4AB1FB2578C00EB2903 /* CidadeDAO.swift in Sources */ = {isa = PBXBuildFile; fileRef = 3FB7A4AA1FB2578C00EB2903 /* CidadeDAO.swift */; };
		3FB7A4AD1FB259E100EB2903 /* CidadesTableViewController.swift in Sources */ = {isa = PBXBuildFile; fileRef = 3FB7A4AC1FB259E100EB2903 /* CidadesTableViewController.swift */; };
		3FB7A4AF1FB25BA800EB2903 /* CidadeTableViewCell.swift in Sources */ = {isa = PBXBuildFile; fileRef = 3FB7A4AE1FB25BA800EB2903 /* CidadeTableViewCell.swift */; };
/* End PBXBuildFile section */

/* Begin PBXFileReference section */
		3FB7A48F1FB2514100EB2903 /* TableView.app */ = {isa = PBXFileReference; explicitFileType = wrapper.application; includeInIndex = 0; path = TableView.app; sourceTree = BUILT_PRODUCTS_DIR; };
		3FB7A4921FB2514100EB2903 /* AppDelegate.swift */ = {isa = PBXFileReference; lastKnownFileType = sourcecode.swift; path = AppDelegate.swift; sourceTree = "<group>"; };
		3FB7A4941FB2514100EB2903 /* ViewController.swift */ = {isa = PBXFileReference; lastKnownFileType = sourcecode.swift; path = ViewController.swift; sourceTree = "<group>"; };
		3FB7A4971FB2514100EB2903 /* Base */ = {isa = PBXFileReference; lastKnownFileType = file.storyboard; name = Base; path = Base.lproj/Main.storyboard; sourceTree = "<group>"; };
		3FB7A4991FB2514100EB2903 /* Assets.xcassets */ = {isa = PBXFileReference; lastKnownFileType = folder.assetcatalog; path = Assets.xcassets; sourceTree = "<group>"; };
		3FB7A49C1FB2514100EB2903 /* Base */ = {isa = PBXFileReference; lastKnownFileType = file.storyboard; name = Base; path = Base.lproj/LaunchScreen.storyboard; sourceTree = "<group>"; };
		3FB7A49E1FB2514100EB2903 /* Info.plist */ = {isa = PBXFileReference; lastKnownFileType = text.plist.xml; path = Info.plist; sourceTree = "<group>"; };
		3FB7A4A81FB256B000EB2903 /* Cidade.swift */ = {isa = PBXFileReference; fileEncoding = 4; lastKnownFileType = sourcecode.swift; path = Cidade.swift; sourceTree = "<group>"; };
		3FB7A4AA1FB2578C00EB2903 /* CidadeDAO.swift */ = {isa = PBXFileReference; fileEncoding = 4; lastKnownFileType = sourcecode.swift; path = CidadeDAO.swift; sourceTree = "<group>"; };
		3FB7A4AC1FB259E100EB2903 /* CidadesTableViewController.swift */ = {isa = PBXFileReference; fileEncoding = 4; lastKnownFileType = sourcecode.swift; path = CidadesTableViewController.swift; sourceTree = "<group>"; };
		3FB7A4AE1FB25BA800EB2903 /* CidadeTableViewCell.swift */ = {isa = PBXFileReference; fileEncoding = 4; lastKnownFileType = sourcecode.swift; path = CidadeTableViewCell.swift; sourceTree = "<group>"; };
/* End PBXFileReference section */

/* Begin PBXFrameworksBuildPhase section */
		3FB7A48C1FB2514100EB2903 /* Frameworks */ = {
			isa = PBXFrameworksBuildPhase;
			buildActionMask = 2147483647;
			files = (
			);
			runOnlyForDeploymentPostprocessing = 0;
		};
/* End PBXFrameworksBuildPhase section */

/* Begin PBXGroup section */
		3FB7A4861FB2514100EB2903 = {
			isa = PBXGroup;
			children = (
				3FB7A4911FB2514100EB2903 /* TableView */,
				3FB7A4901FB2514100EB2903 /* Products */,
			);
			sourceTree = "<group>";
		};
		3FB7A4901FB2514100EB2903 /* Products */ = {
			isa = PBXGroup;
			children = (
				3FB7A48F1FB2514100EB2903 /* TableView.app */,
			);
			name = Products;
			sourceTree = "<group>";
		};
		3FB7A4911FB2514100EB2903 /* TableView */ = {
			isa = PBXGroup;
			children = (
				3FB7A4A71FB251F300EB2903 /* Supporting Filers */,
				3FB7A4A61FB251B600EB2903 /* Controller */,
				3FB7A4A51FB251B100EB2903 /* View */,
				3FB7A4A41FB251A400EB2903 /* Model */,
			);
			path = TableView;
			sourceTree = "<group>";
		};
		3FB7A4A41FB251A400EB2903 /* Model */ = {
			isa = PBXGroup;
			children = (
				3FB7A4A81FB256B000EB2903 /* Cidade.swift */,
				3FB7A4AA1FB2578C00EB2903 /* CidadeDAO.swift */,
			);
			name = Model;
			sourceTree = "<group>";
		};
		3FB7A4A51FB251B100EB2903 /* View */ = {
			isa = PBXGroup;
			children = (
				3FB7A4961FB2514100EB2903 /* Main.storyboard */,
				3FB7A49B1FB2514100EB2903 /* LaunchScreen.storyboard */,
			);
			name = View;
			sourceTree = "<group>";
		};
		3FB7A4A61FB251B600EB2903 /* Controller */ = {
			isa = PBXGroup;
			children = (
				3FB7A4941FB2514100EB2903 /* ViewController.swift */,
				3FB7A4AC1FB259E100EB2903 /* CidadesTableViewController.swift */,
				3FB7A4AE1FB25BA800EB2903 /* CidadeTableViewCell.swift */,
			);
			name = Controller;
			sourceTree = "<group>";
		};
		3FB7A4A71FB251F300EB2903 /* Supporting Filers */ = {
			isa = PBXGroup;
			children = (
				3FB7A4921FB2514100EB2903 /* AppDelegate.swift */,
				3FB7A4991FB2514100EB2903 /* Assets.xcassets */,
				3FB7A49E1FB2514100EB2903 /* Info.plist */,
			);
			name = "Supporting Filers";
			sourceTree = "<group>";
		};
/* End PBXGroup section */

/* Begin PBXNativeTarget section */
		3FB7A48E1FB2514100EB2903 /* TableView */ = {
			isa = PBXNativeTarget;
			buildConfigurationList = 3FB7A4A11FB2514100EB2903 /* Build configuration list for PBXNativeTarget "TableView" */;
			buildPhases = (
				3FB7A48B1FB2514100EB2903 /* Sources */,
				3FB7A48C1FB2514100EB2903 /* Frameworks */,
				3FB7A48D1FB2514100EB2903 /* Resources */,
			);
			buildRules = (
			);
			dependencies = (
			);
			name = TableView;
			productName = TableView;
			productReference = 3FB7A48F1FB2514100EB2903 /* TableView.app */;
			productType = "com.apple.product-type.application";
		};
/* End PBXNativeTarget section */

/* Begin PBXProject section */
		3FB7A4871FB2514100EB2903 /* Project object */ = {
			isa = PBXProject;
			attributes = {
				LastSwiftUpdateCheck = 0830;
				LastUpgradeCheck = 0830;
				ORGANIZATIONNAME = "Alexandre do Vale";
				TargetAttributes = {
					3FB7A48E1FB2514100EB2903 = {
						CreatedOnToolsVersion = 8.3.3;
						ProvisioningStyle = Automatic;
					};
				};
			};
			buildConfigurationList = 3FB7A48A1FB2514100EB2903 /* Build configuration list for PBXProject "TableView" */;
			compatibilityVersion = "Xcode 3.2";
			developmentRegion = English;
			hasScannedForEncodings = 0;
			knownRegions = (
				en,
				Base,
			);
			mainGroup = 3FB7A4861FB2514100EB2903;
			productRefGroup = 3FB7A4901FB2514100EB2903 /* Products */;
			projectDirPath = "";
			projectRoot = "";
			targets = (
				3FB7A48E1FB2514100EB2903 /* TableView */,
			);
		};
/* End PBXProject section */

/* Begin PBXResourcesBuildPhase section */
		3FB7A48D1FB2514100EB2903 /* Resources */ = {
			isa = PBXResourcesBuildPhase;
			buildActionMask = 2147483647;
			files = (
				3FB7A49D1FB2514100EB2903 /* LaunchScreen.storyboard in Resources */,
				3FB7A49A1FB2514100EB2903 /* Assets.xcassets in Resources */,
				3FB7A4981FB2514100EB2903 /* Main.storyboard in Resources */,
			);
			runOnlyForDeploymentPostprocessing = 0;
		};
/* End PBXResourcesBuildPhase section */

/* Begin PBXSourcesBuildPhase section */
		3FB7A48B1FB2514100EB2903 /* Sources */ = {
			isa = PBXSourcesBuildPhase;
			buildActionMask = 2147483647;
			files = (
				3FB7A4AB1FB2578C00EB2903 /* CidadeDAO.swift in Sources */,
				3FB7A4A91FB256B000EB2903 /* Cidade.swift in Sources */,
				3FB7A4951FB2514100EB2903 /* ViewController.swift in Sources */,
				3FB7A4AF1FB25BA800EB2903 /* CidadeTableViewCell.swift in Sources */,
				3FB7A4AD1FB259E100EB2903 /* CidadesTableViewController.swift in Sources */,
				3FB7A4931FB2514100EB2903 /* AppDelegate.swift in Sources */,
			);
			runOnlyForDeploymentPostprocessing = 0;
		};
/* End PBXSourcesBuildPhase section */

/* Begin PBXVariantGroup section */
		3FB7A4961FB2514100EB2903 /* Main.storyboard */ = {
			isa = PBXVariantGroup;
			children = (
				3FB7A4971FB2514100EB2903 /* Base */,
			);
			name = Main.storyboard;
			sourceTree = "<group>";
		};
		3FB7A49B1FB2514100EB2903 /* LaunchScreen.storyboard */ = {
			isa = PBXVariantGroup;
			children = (
				3FB7A49C1FB2514100EB2903 /* Base */,
			);
			name = LaunchScreen.storyboard;
			sourceTree = "<group>";
		};
/* End PBXVariantGroup section */

/* Begin XCBuildConfiguration section */
		3FB7A49F1FB2514100EB2903 /* Debug */ = {
			isa = XCBuildConfiguration;
			buildSettings = {
				ALWAYS_SEARCH_USER_PATHS = NO;
				CLANG_ANALYZER_NONNULL = YES;
				CLANG_ANALYZER_NUMBER_OBJECT_CONVERSION = YES_AGGRESSIVE;
				CLANG_CXX_LANGUAGE_STANDARD = "gnu++0x";
				CLANG_CXX_LIBRARY = "libc++";
				CLANG_ENABLE_MODULES = YES;
				CLANG_ENABLE_OBJC_ARC = YES;
				CLANG_WARN_BOOL_CONVERSION = YES;
				CLANG_WARN_CONSTANT_CONVERSION = YES;
				CLANG_WARN_DIRECT_OBJC_ISA_USAGE = YES_ERROR;
				CLANG_WARN_DOCUMENTATION_COMMENTS = YES;
				CLANG_WARN_EMPTY_BODY = YES;
				CLANG_WARN_ENUM_CONVERSION = YES;
				CLANG_WARN_INFINITE_RECURSION = YES;
				CLANG_WARN_INT_CONVERSION = YES;
				CLANG_WARN_OBJC_ROOT_CLASS = YES_ERROR;
				CLANG_WARN_SUSPICIOUS_MOVE = YES;
				CLANG_WARN_UNREACHABLE_CODE = YES;
				CLANG_WARN__DUPLICATE_METHOD_MATCH = YES;
				"CODE_SIGN_IDENTITY[sdk=iphoneos*]" = "iPhone Developer";
				COPY_PHASE_STRIP = NO;
				DEBUG_INFORMATION_FORMAT = dwarf;
				ENABLE_STRICT_OBJC_MSGSEND = YES;
				ENABLE_TESTABILITY = YES;
				GCC_C_LANGUAGE_STANDARD = gnu99;
				GCC_DYNAMIC_NO_PIC = NO;
				GCC_NO_COMMON_BLOCKS = YES;
				GCC_OPTIMIZATION_LEVEL = 0;
				GCC_PREPROCESSOR_DEFINITIONS = (
					"DEBUG=1",
					"$(inherited)",
				);
				GCC_WARN_64_TO_32_BIT_CONVERSION = YES;
				GCC_WARN_ABOUT_RETURN_TYPE = YES_ERROR;
				GCC_WARN_UNDECLARED_SELECTOR = YES;
				GCC_WARN_UNINITIALIZED_AUTOS = YES_AGGRESSIVE;
				GCC_WARN_UNUSED_FUNCTION = YES;
				GCC_WARN_UNUSED_VARIABLE = YES;
				IPHONEOS_DEPLOYMENT_TARGET = 10.3;
				MTL_ENABLE_DEBUG_INFO = YES;
				ONLY_ACTIVE_ARCH = YES;
				SDKROOT = iphoneos;
				SWIFT_ACTIVE_COMPILATION_CONDITIONS = DEBUG;
				SWIFT_OPTIMIZATION_LEVEL = "-Onone";
				TARGETED_DEVICE_FAMILY = "1,2";
			};
			name = Debug;
		};
		3FB7A4A01FB2514100EB2903 /* Release */ = {
			isa = XCBuildConfiguration;
			buildSettings = {
				ALWAYS_SEARCH_USER_PATHS = NO;
				CLANG_ANALYZER_NONNULL = YES;
				CLANG_ANALYZER_NUMBER_OBJECT_CONVERSION = YES_AGGRESSIVE;
				CLANG_CXX_LANGUAGE_STANDARD = "gnu++0x";
				CLANG_CXX_LIBRARY = "libc++";
				CLANG_ENABLE_MODULES = YES;
				CLANG_ENABLE_OBJC_ARC = YES;
				CLANG_WARN_BOOL_CONVERSION = YES;
				CLANG_WARN_CONSTANT_CONVERSION = YES;
				CLANG_WARN_DIRECT_OBJC_ISA_USAGE = YES_ERROR;
				CLANG_WARN_DOCUMENTATION_COMMENTS = YES;
				CLANG_WARN_EMPTY_BODY = YES;
				CLANG_WARN_ENUM_CONVERSION = YES;
				CLANG_WARN_INFINITE_RECURSION = YES;
				CLANG_WARN_INT_CONVERSION = YES;
				CLANG_WARN_OBJC_ROOT_CLASS = YES_ERROR;
				CLANG_WARN_SUSPICIOUS_MOVE = YES;
				CLANG_WARN_UNREACHABLE_CODE = YES;
				CLANG_WARN__DUPLICATE_METHOD_MATCH = YES;
				"CODE_SIGN_IDENTITY[sdk=iphoneos*]" = "iPhone Developer";
				COPY_PHASE_STRIP = NO;
				DEBUG_INFORMATION_FORMAT = "dwarf-with-dsym";
				ENABLE_NS_ASSERTIONS = NO;
				ENABLE_STRICT_OBJC_MSGSEND = YES;
				GCC_C_LANGUAGE_STANDARD = gnu99;
				GCC_NO_COMMON_BLOCKS = YES;
				GCC_WARN_64_TO_32_BIT_CONVERSION = YES;
				GCC_WARN_ABOUT_RETURN_TYPE = YES_ERROR;
				GCC_WARN_UNDECLARED_SELECTOR = YES;
				GCC_WARN_UNINITIALIZED_AUTOS = YES_AGGRESSIVE;
				GCC_WARN_UNUSED_FUNCTION = YES;
				GCC_WARN_UNUSED_VARIABLE = YES;
				IPHONEOS_DEPLOYMENT_TARGET = 10.3;
				MTL_ENABLE_DEBUG_INFO = NO;
				SDKROOT = iphoneos;
				SWIFT_OPTIMIZATION_LEVEL = "-Owholemodule";
				TARGETED_DEVICE_FAMILY = "1,2";
				VALIDATE_PRODUCT = YES;
			};
			name = Release;
		};
		3FB7A4A21FB2514100EB2903 /* Debug */ = {
			isa = XCBuildConfiguration;
			buildSettings = {
				ASSETCATALOG_COMPILER_APPICON_NAME = AppIcon;
				INFOPLIST_FILE = TableView/Info.plist;
				LD_RUNPATH_SEARCH_PATHS = "$(inherited) @executable_path/Frameworks";
				PRODUCT_BUNDLE_IDENTIFIER = Hackatruck.TableView;
				PRODUCT_NAME = "$(TARGET_NAME)";
				SWIFT_VERSION = 3.0;
			};
			name = Debug;
		};
		3FB7A4A31FB2514100EB2903 /* Release */ = {
			isa = XCBuildConfiguration;
			buildSettings = {
				ASSETCATALOG_COMPILER_APPICON_NAME = AppIcon;
				INFOPLIST_FILE = TableView/Info.plist;
				LD_RUNPATH_SEARCH_PATHS = "$(inherited) @executable_path/Frameworks";
				PRODUCT_BUNDLE_IDENTIFIER = Hackatruck.TableView;
				PRODUCT_NAME = "$(TARGET_NAME)";
				SWIFT_VERSION = 3.0;
			};
			name = Release;
		};
/* End XCBuildConfiguration section */

/* Begin XCConfigurationList section */
		3FB7A48A1FB2514100EB2903 /* Build configuration list for PBXProject "TableView" */ = {
			isa = XCConfigurationList;
			buildConfigurations = (
				3FB7A49F1FB2514100EB2903 /* Debug */,
				3FB7A4A01FB2514100EB2903 /* Release */,
			);
			defaultConfigurationIsVisible = 0;
			defaultConfigurationName = Release;
		};
		3FB7A4A11FB2514100EB2903 /* Build configuration list for PBXNativeTarget "TableView" */ = {
			isa = XCConfigurationList;
			buildConfigurations = (
				3FB7A4A21FB2514100EB2903 /* Debug */,
				3FB7A4A31FB2514100EB2903 /* Release */,
			);
			defaultConfigurationIsVisible = 0;
		};
/* End XCConfigurationList section */
	};
	rootObject = 3FB7A4871FB2514100EB2903 /* Project object */;
}
